
Microsoft Visual Studio Solution File, Format Version 12.00
# Visual Studio Version 16
VisualStudioVersion = 16.0.30804.86
MinimumVisualStudioVersion = 15.0.26124.0
Project("{9A19103F-16F7-4668-BE54-9A1E7A4F7556}") = "DFC.Api.Location", "DFC.Api.Location\DFC.Api.Location.csproj", "{860F54D2-20CB-48C7-BF86-3AD5AC91BC95}"
EndProject
Project("{2150E333-8FDC-42A3-9474-1A3956D46DE8}") = "_Solution Items", "_Solution Items", "{D9DBE0E7-D6A6-4485-B812-A5D8AEC98A88}"
	ProjectSection(SolutionItems) = preProject
		CODEOWNERS = CODEOWNERS
		DFC.Digital.CodeAnalysis.ruleset = DFC.Digital.CodeAnalysis.ruleset
		LICENSE = LICENSE
		README.md = README.md
		stylecop.json = stylecop.json
		UnitTests.CodeAnalysis.ruleset = UnitTests.CodeAnalysis.ruleset
	EndProjectSection
EndProject
Project("{9A19103F-16F7-4668-BE54-9A1E7A4F7556}") = "DFC.Api.Location.UnitTests", "DFC.Api.Location.UnitTests\DFC.Api.Location.UnitTests.csproj", "{E97744E6-5DA6-4203-A0EF-2D3751E9EE96}"
EndProject
Global
	GlobalSection(SolutionConfigurationPlatforms) = preSolution
		Debug|Any CPU = Debug|Any CPU
		Release|Any CPU = Release|Any CPU
	EndGlobalSection
	GlobalSection(ProjectConfigurationPlatforms) = postSolution
		{860F54D2-20CB-48C7-BF86-3AD5AC91BC95}.Debug|Any CPU.ActiveCfg = Debug|Any CPU
		{860F54D2-20CB-48C7-BF86-3AD5AC91BC95}.Debug|Any CPU.Build.0 = Debug|Any CPU
		{860F54D2-20CB-48C7-BF86-3AD5AC91BC95}.Release|Any CPU.ActiveCfg = Release|Any CPU
		{860F54D2-20CB-48C7-BF86-3AD5AC91BC95}.Release|Any CPU.Build.0 = Release|Any CPU
		{E97744E6-5DA6-4203-A0EF-2D3751E9EE96}.Debug|Any CPU.ActiveCfg = Debug|Any CPU
		{E97744E6-5DA6-4203-A0EF-2D3751E9EE96}.Debug|Any CPU.Build.0 = Debug|Any CPU
		{E97744E6-5DA6-4203-A0EF-2D3751E9EE96}.Release|Any CPU.ActiveCfg = Release|Any CPU
		{E97744E6-5DA6-4203-A0EF-2D3751E9EE96}.Release|Any CPU.Build.0 = Release|Any CPU
	EndGlobalSection
	GlobalSection(SolutionProperties) = preSolution
		HideSolutionNode = FALSE
	EndGlobalSection
	GlobalSection(ExtensibilityGlobals) = postSolution
		SolutionGuid = {AA555646-12ED-4BCD-9990-824B6B037D15}
	EndGlobalSection
EndGlobal
