
Microsoft Visual Studio Solution File, Format Version 12.00
# Visual Studio 15
VisualStudioVersion = 15.0.26124.0
MinimumVisualStudioVersion = 15.0.26124.0
Project("{FAE04EC0-301F-11D3-BF4B-00C04F79EFBC}") = "DFC.Api.Location", "DFC.Api.Location\DFC.Api.Location.csproj", "{62617E5B-965C-42B3-974C-3B60956D66AF}"
EndProject
Project("{FAE04EC0-301F-11D3-BF4B-00C04F79EFBC}") = "DFC.Api.Location.UnitTests", "DFC.Api.Location.UnitTests\DFC.Api.Location.UnitTests.csproj", "{E97744E6-5DA6-4203-A0EF-2D3751E9EE96}"
EndProject
Global
	GlobalSection(SolutionConfigurationPlatforms) = preSolution
		Debug|Any CPU = Debug|Any CPU
		Debug|x64 = Debug|x64
		Debug|x86 = Debug|x86
		Release|Any CPU = Release|Any CPU
		Release|x64 = Release|x64
		Release|x86 = Release|x86
	EndGlobalSection
	GlobalSection(SolutionProperties) = preSolution
		HideSolutionNode = FALSE
	EndGlobalSection
	GlobalSection(ProjectConfigurationPlatforms) = postSolution
		{62617E5B-965C-42B3-974C-3B60956D66AF}.Debug|Any CPU.ActiveCfg = Debug|Any CPU
		{62617E5B-965C-42B3-974C-3B60956D66AF}.Debug|Any CPU.Build.0 = Debug|Any CPU
		{62617E5B-965C-42B3-974C-3B60956D66AF}.Debug|x64.ActiveCfg = Debug|Any CPU
		{62617E5B-965C-42B3-974C-3B60956D66AF}.Debug|x64.Build.0 = Debug|Any CPU
		{62617E5B-965C-42B3-974C-3B60956D66AF}.Debug|x86.ActiveCfg = Debug|Any CPU
		{62617E5B-965C-42B3-974C-3B60956D66AF}.Debug|x86.Build.0 = Debug|Any CPU
		{62617E5B-965C-42B3-974C-3B60956D66AF}.Release|Any CPU.ActiveCfg = Release|Any CPU
		{62617E5B-965C-42B3-974C-3B60956D66AF}.Release|Any CPU.Build.0 = Release|Any CPU
		{62617E5B-965C-42B3-974C-3B60956D66AF}.Release|x64.ActiveCfg = Release|Any CPU
		{62617E5B-965C-42B3-974C-3B60956D66AF}.Release|x64.Build.0 = Release|Any CPU
		{62617E5B-965C-42B3-974C-3B60956D66AF}.Release|x86.ActiveCfg = Release|Any CPU
		{62617E5B-965C-42B3-974C-3B60956D66AF}.Release|x86.Build.0 = Release|Any CPU
		{E97744E6-5DA6-4203-A0EF-2D3751E9EE96}.Debug|Any CPU.ActiveCfg = Debug|Any CPU
		{E97744E6-5DA6-4203-A0EF-2D3751E9EE96}.Debug|Any CPU.Build.0 = Debug|Any CPU
		{E97744E6-5DA6-4203-A0EF-2D3751E9EE96}.Debug|x64.ActiveCfg = Debug|Any CPU
		{E97744E6-5DA6-4203-A0EF-2D3751E9EE96}.Debug|x64.Build.0 = Debug|Any CPU
		{E97744E6-5DA6-4203-A0EF-2D3751E9EE96}.Debug|x86.ActiveCfg = Debug|Any CPU
		{E97744E6-5DA6-4203-A0EF-2D3751E9EE96}.Debug|x86.Build.0 = Debug|Any CPU
		{E97744E6-5DA6-4203-A0EF-2D3751E9EE96}.Release|Any CPU.ActiveCfg = Release|Any CPU
		{E97744E6-5DA6-4203-A0EF-2D3751E9EE96}.Release|Any CPU.Build.0 = Release|Any CPU
		{E97744E6-5DA6-4203-A0EF-2D3751E9EE96}.Release|x64.ActiveCfg = Release|Any CPU
		{E97744E6-5DA6-4203-A0EF-2D3751E9EE96}.Release|x64.Build.0 = Release|Any CPU
		{E97744E6-5DA6-4203-A0EF-2D3751E9EE96}.Release|x86.ActiveCfg = Release|Any CPU
		{E97744E6-5DA6-4203-A0EF-2D3751E9EE96}.Release|x86.Build.0 = Release|Any CPU
	EndGlobalSection
EndGlobal
